{
  "name": "zigplayer",
  "version": "1.0.0",
  "lockfileVersion": 1,
  "requires": true,
  "dependencies": {
    "eventemitter3": {
      "version": "3.1.0",
      "resolved": "https://registry.npmjs.org/eventemitter3/-/eventemitter3-3.1.0.tgz",
      "integrity": "sha512-ivIvhpq/Y0uSjcHDcOIccjmYjGLcP09MFGE7ysAwkAvkXfpZlC985pH2/ui64DKazbTW/4kN3yqozUxlXzI6cA=="
    },
    "hls.js": {
      "version": "0.13.2",
      "resolved": "https://registry.npmjs.org/hls.js/-/hls.js-0.13.2.tgz",
      "integrity": "sha512-sIg2t4uGpWQLzuK1Iid9614WOKqxj4OYg+EbFbhhTDCsxpENBN+Du3yBFnoi+a83DuOOHdiQd1ydnti9loSGXw==",
      "requires": {
        "eventemitter3": "3.1.0",
        "url-toolkit": "^2.1.6"
      }
    },
    "url-toolkit": {
      "version": "2.2.0",
      "resolved": "https://registry.npmjs.org/url-toolkit/-/url-toolkit-2.2.0.tgz",
      "integrity": "sha512-Rde0c9S4fJK3FaHim3DSgdQ8IFrSXcZCpAJo9T7/FA+BoQGhK0ow3mpwGQLJCPYsNn6TstpW7/7DzMpSpz9F9w=="
    }
  }
}
